
Microsoft Visual Studio Solution File, Format Version 12.00
# Visual Studio Version 17
VisualStudioVersion = 17.4.33213.308
MinimumVisualStudioVersion = 10.0.40219.1
Project("{FAE04EC0-301F-11D3-BF4B-00C04F79EFBC}") = "My part", "My part\My part.csproj", "{2FEFF89C-F6AB-47F5-9C0E-67EFA7F16C69}"
EndProject
Project("{FAE04EC0-301F-11D3-BF4B-00C04F79EFBC}") = "Собиратель хлама", "..\Oh shit, here we go again\Oh shit, here we go again\Собиратель хлама.csproj", "{43D773C2-12C6-4619-A05D-87DF30E280F0}"
EndProject
Global
	GlobalSection(SolutionConfigurationPlatforms) = preSolution
		Debug|Any CPU = Debug|Any CPU
		Release|Any CPU = Release|Any CPU
	EndGlobalSection
	GlobalSection(ProjectConfigurationPlatforms) = postSolution
		{2FEFF89C-F6AB-47F5-9C0E-67EFA7F16C69}.Debug|Any CPU.ActiveCfg = Debug|Any CPU
		{2FEFF89C-F6AB-47F5-9C0E-67EFA7F16C69}.Debug|Any CPU.Build.0 = Debug|Any CPU
		{2FEFF89C-F6AB-47F5-9C0E-67EFA7F16C69}.Release|Any CPU.ActiveCfg = Release|Any CPU
		{2FEFF89C-F6AB-47F5-9C0E-67EFA7F16C69}.Release|Any CPU.Build.0 = Release|Any CPU
		{43D773C2-12C6-4619-A05D-87DF30E280F0}.Debug|Any CPU.ActiveCfg = Debug|Any CPU
		{43D773C2-12C6-4619-A05D-87DF30E280F0}.Debug|Any CPU.Build.0 = Debug|Any CPU
		{43D773C2-12C6-4619-A05D-87DF30E280F0}.Release|Any CPU.ActiveCfg = Release|Any CPU
		{43D773C2-12C6-4619-A05D-87DF30E280F0}.Release|Any CPU.Build.0 = Release|Any CPU
	EndGlobalSection
	GlobalSection(SolutionProperties) = preSolution
		HideSolutionNode = FALSE
	EndGlobalSection
	GlobalSection(ExtensibilityGlobals) = postSolution
		SolutionGuid = {C562409C-6B2F-498C-8FEC-0ACC9DD178A1}
	EndGlobalSection
EndGlobal
