
Microsoft Visual Studio Solution File, Format Version 12.00
# Visual Studio Version 16
VisualStudioVersion = 16.0.30717.126
MinimumVisualStudioVersion = 10.0.40219.1
Project("{FAE04EC0-301F-11D3-BF4B-00C04F79EFBC}") = "SpaceBattle2128", "SpaceBattle2128.csproj", "{AF51615A-2146-409A-ABEE-40D322ECA0DD}"
EndProject
Global
	GlobalSection(SolutionConfigurationPlatforms) = preSolution
		Debug|Any CPU = Debug|Any CPU
		Release|Any CPU = Release|Any CPU
	EndGlobalSection
	GlobalSection(ProjectConfigurationPlatforms) = postSolution
		{AF51615A-2146-409A-ABEE-40D322ECA0DD}.Debug|Any CPU.ActiveCfg = Debug|Any CPU
		{AF51615A-2146-409A-ABEE-40D322ECA0DD}.Debug|Any CPU.Build.0 = Debug|Any CPU
		{AF51615A-2146-409A-ABEE-40D322ECA0DD}.Release|Any CPU.ActiveCfg = Release|Any CPU
		{AF51615A-2146-409A-ABEE-40D322ECA0DD}.Release|Any CPU.Build.0 = Release|Any CPU
	EndGlobalSection
	GlobalSection(SolutionProperties) = preSolution
		HideSolutionNode = FALSE
	EndGlobalSection
	GlobalSection(ExtensibilityGlobals) = postSolution
		SolutionGuid = {CBE99104-6859-47E6-8261-CABD52366750}
	EndGlobalSection
EndGlobal
